// !$*UTF8*$!
{
	archiveVersion = 1;
	classes = {
	};
	objectVersion = 51;
	objects = {

/* Begin PBXBuildFile section */
		0C467931A434C4F44AA5B984 /* Pods_ParstagramTests.framework in Frameworks */ = {isa = PBXBuildFile; fileRef = B11240EB4164266CE1B58E45 /* Pods_ParstagramTests.framework */; };
		208D8C4C24081CF40059AC5E /* AppDelegate.swift in Sources */ = {isa = PBXBuildFile; fileRef = 208D8C4B24081CF40059AC5E /* AppDelegate.swift */; };
		208D8C4E24081CF40059AC5E /* SceneDelegate.swift in Sources */ = {isa = PBXBuildFile; fileRef = 208D8C4D24081CF40059AC5E /* SceneDelegate.swift */; };
		208D8C5324081CF40059AC5E /* Main.storyboard in Resources */ = {isa = PBXBuildFile; fileRef = 208D8C5124081CF40059AC5E /* Main.storyboard */; };
		208D8C5524081D0A0059AC5E /* Assets.xcassets in Resources */ = {isa = PBXBuildFile; fileRef = 208D8C5424081D0A0059AC5E /* Assets.xcassets */; };
		208D8C5824081D0A0059AC5E /* LaunchScreen.storyboard in Resources */ = {isa = PBXBuildFile; fileRef = 208D8C5624081D0A0059AC5E /* LaunchScreen.storyboard */; };
		208D8C6324081D0B0059AC5E /* ParstagramTests.swift in Sources */ = {isa = PBXBuildFile; fileRef = 208D8C6224081D0B0059AC5E /* ParstagramTests.swift */; };
		208D8C6E24081D0B0059AC5E /* ParstagramUITests.swift in Sources */ = {isa = PBXBuildFile; fileRef = 208D8C6D24081D0B0059AC5E /* ParstagramUITests.swift */; };
		208D8C7C24081F270059AC5E /* LoginViewController.swift in Sources */ = {isa = PBXBuildFile; fileRef = 208D8C7B24081F270059AC5E /* LoginViewController.swift */; };
		208D8C7E24081F430059AC5E /* FeedViewController.swift in Sources */ = {isa = PBXBuildFile; fileRef = 208D8C7D24081F430059AC5E /* FeedViewController.swift */; };
		208D8C8024082E110059AC5E /* CameraViewController.swift in Sources */ = {isa = PBXBuildFile; fileRef = 208D8C7F24082E100059AC5E /* CameraViewController.swift */; };
		7B6475D94E1E0A647791FBED /* Pods_Parstagram.framework in Frameworks */ = {isa = PBXBuildFile; fileRef = F5149B7FEE7A7C0DE7C816A3 /* Pods_Parstagram.framework */; };
		A0297377240857AC00B382F6 /* PostCell.swift in Sources */ = {isa = PBXBuildFile; fileRef = A0297376240857AC00B382F6 /* PostCell.swift */; };
		FD8B75DD45CFEE956E7B0C0E /* Pods_Parstagram_ParstagramUITests.framework in Frameworks */ = {isa = PBXBuildFile; fileRef = 511271EEF62FD973D16163CD /* Pods_Parstagram_ParstagramUITests.framework */; };
/* End PBXBuildFile section */

/* Begin PBXContainerItemProxy section */
		208D8C5F24081D0B0059AC5E /* PBXContainerItemProxy */ = {
			isa = PBXContainerItemProxy;
			containerPortal = 208D8C4024081CF40059AC5E /* Project object */;
			proxyType = 1;
			remoteGlobalIDString = 208D8C4724081CF40059AC5E;
			remoteInfo = Parstagram;
		};
		208D8C6A24081D0B0059AC5E /* PBXContainerItemProxy */ = {
			isa = PBXContainerItemProxy;
			containerPortal = 208D8C4024081CF40059AC5E /* Project object */;
			proxyType = 1;
			remoteGlobalIDString = 208D8C4724081CF40059AC5E;
			remoteInfo = Parstagram;
		};
/* End PBXContainerItemProxy section */

/* Begin PBXFileReference section */
		208D8C4824081CF40059AC5E /* Parstagram.app */ = {isa = PBXFileReference; explicitFileType = wrapper.application; includeInIndex = 0; path = Parstagram.app; sourceTree = BUILT_PRODUCTS_DIR; };
		208D8C4B24081CF40059AC5E /* AppDelegate.swift */ = {isa = PBXFileReference; lastKnownFileType = sourcecode.swift; path = AppDelegate.swift; sourceTree = "<group>"; };
		208D8C4D24081CF40059AC5E /* SceneDelegate.swift */ = {isa = PBXFileReference; lastKnownFileType = sourcecode.swift; path = SceneDelegate.swift; sourceTree = "<group>"; };
		208D8C5224081CF40059AC5E /* Base */ = {isa = PBXFileReference; lastKnownFileType = file.storyboard; name = Base; path = Base.lproj/Main.storyboard; sourceTree = "<group>"; };
		208D8C5424081D0A0059AC5E /* Assets.xcassets */ = {isa = PBXFileReference; lastKnownFileType = folder.assetcatalog; path = Assets.xcassets; sourceTree = "<group>"; };
		208D8C5724081D0A0059AC5E /* Base */ = {isa = PBXFileReference; lastKnownFileType = file.storyboard; name = Base; path = Base.lproj/LaunchScreen.storyboard; sourceTree = "<group>"; };
		208D8C5924081D0A0059AC5E /* Info.plist */ = {isa = PBXFileReference; lastKnownFileType = text.plist.xml; path = Info.plist; sourceTree = "<group>"; };
		208D8C5E24081D0B0059AC5E /* ParstagramTests.xctest */ = {isa = PBXFileReference; explicitFileType = wrapper.cfbundle; includeInIndex = 0; path = ParstagramTests.xctest; sourceTree = BUILT_PRODUCTS_DIR; };
		208D8C6224081D0B0059AC5E /* ParstagramTests.swift */ = {isa = PBXFileReference; lastKnownFileType = sourcecode.swift; path = ParstagramTests.swift; sourceTree = "<group>"; };
		208D8C6424081D0B0059AC5E /* Info.plist */ = {isa = PBXFileReference; lastKnownFileType = text.plist.xml; path = Info.plist; sourceTree = "<group>"; };
		208D8C6924081D0B0059AC5E /* ParstagramUITests.xctest */ = {isa = PBXFileReference; explicitFileType = wrapper.cfbundle; includeInIndex = 0; path = ParstagramUITests.xctest; sourceTree = BUILT_PRODUCTS_DIR; };
		208D8C6D24081D0B0059AC5E /* ParstagramUITests.swift */ = {isa = PBXFileReference; lastKnownFileType = sourcecode.swift; path = ParstagramUITests.swift; sourceTree = "<group>"; };
		208D8C6F24081D0B0059AC5E /* Info.plist */ = {isa = PBXFileReference; lastKnownFileType = text.plist.xml; path = Info.plist; sourceTree = "<group>"; };
		208D8C7B24081F270059AC5E /* LoginViewController.swift */ = {isa = PBXFileReference; lastKnownFileType = sourcecode.swift; path = LoginViewController.swift; sourceTree = "<group>"; };
		208D8C7D24081F430059AC5E /* FeedViewController.swift */ = {isa = PBXFileReference; lastKnownFileType = sourcecode.swift; path = FeedViewController.swift; sourceTree = "<group>"; };
		208D8C7F24082E100059AC5E /* CameraViewController.swift */ = {isa = PBXFileReference; lastKnownFileType = sourcecode.swift; path = CameraViewController.swift; sourceTree = "<group>"; };
		3309FD80E26391796A197D56 /* Pods-ParstagramTests.release.xcconfig */ = {isa = PBXFileReference; includeInIndex = 1; lastKnownFileType = text.xcconfig; name = "Pods-ParstagramTests.release.xcconfig"; path = "Target Support Files/Pods-ParstagramTests/Pods-ParstagramTests.release.xcconfig"; sourceTree = "<group>"; };
		511271EEF62FD973D16163CD /* Pods_Parstagram_ParstagramUITests.framework */ = {isa = PBXFileReference; explicitFileType = wrapper.framework; includeInIndex = 0; path = Pods_Parstagram_ParstagramUITests.framework; sourceTree = BUILT_PRODUCTS_DIR; };
		5C5966F1F4D3276F656B8BA8 /* Pods-Parstagram-ParstagramUITests.release.xcconfig */ = {isa = PBXFileReference; includeInIndex = 1; lastKnownFileType = text.xcconfig; name = "Pods-Parstagram-ParstagramUITests.release.xcconfig"; path = "Target Support Files/Pods-Parstagram-ParstagramUITests/Pods-Parstagram-ParstagramUITests.release.xcconfig"; sourceTree = "<group>"; };
		685D055ECCDAF017C5AACE57 /* Pods-Parstagram-ParstagramUITests.debug.xcconfig */ = {isa = PBXFileReference; includeInIndex = 1; lastKnownFileType = text.xcconfig; name = "Pods-Parstagram-ParstagramUITests.debug.xcconfig"; path = "Target Support Files/Pods-Parstagram-ParstagramUITests/Pods-Parstagram-ParstagramUITests.debug.xcconfig"; sourceTree = "<group>"; };
		A0297376240857AC00B382F6 /* PostCell.swift */ = {isa = PBXFileReference; lastKnownFileType = sourcecode.swift; path = PostCell.swift; sourceTree = "<group>"; };
		B11240EB4164266CE1B58E45 /* Pods_ParstagramTests.framework */ = {isa = PBXFileReference; explicitFileType = wrapper.framework; includeInIndex = 0; path = Pods_ParstagramTests.framework; sourceTree = BUILT_PRODUCTS_DIR; };
		C25450E7728498D3515C73A3 /* Pods-Parstagram.debug.xcconfig */ = {isa = PBXFileReference; includeInIndex = 1; lastKnownFileType = text.xcconfig; name = "Pods-Parstagram.debug.xcconfig"; path = "Target Support Files/Pods-Parstagram/Pods-Parstagram.debug.xcconfig"; sourceTree = "<group>"; };
		C87250192617BABE265584E5 /* Pods-ParstagramTests.debug.xcconfig */ = {isa = PBXFileReference; includeInIndex = 1; lastKnownFileType = text.xcconfig; name = "Pods-ParstagramTests.debug.xcconfig"; path = "Target Support Files/Pods-ParstagramTests/Pods-ParstagramTests.debug.xcconfig"; sourceTree = "<group>"; };
		DFA0C3E2E63B0F16A16F0833 /* Pods-Parstagram.release.xcconfig */ = {isa = PBXFileReference; includeInIndex = 1; lastKnownFileType = text.xcconfig; name = "Pods-Parstagram.release.xcconfig"; path = "Target Support Files/Pods-Parstagram/Pods-Parstagram.release.xcconfig"; sourceTree = "<group>"; };
		F5149B7FEE7A7C0DE7C816A3 /* Pods_Parstagram.framework */ = {isa = PBXFileReference; explicitFileType = wrapper.framework; includeInIndex = 0; path = Pods_Parstagram.framework; sourceTree = BUILT_PRODUCTS_DIR; };
/* End PBXFileReference section */

/* Begin PBXFrameworksBuildPhase section */
		208D8C4524081CF40059AC5E /* Frameworks */ = {
			isa = PBXFrameworksBuildPhase;
			buildActionMask = 2147483647;
			files = (
				7B6475D94E1E0A647791FBED /* Pods_Parstagram.framework in Frameworks */,
			);
			runOnlyForDeploymentPostprocessing = 0;
		};
		208D8C5B24081D0B0059AC5E /* Frameworks */ = {
			isa = PBXFrameworksBuildPhase;
			buildActionMask = 2147483647;
			files = (
				0C467931A434C4F44AA5B984 /* Pods_ParstagramTests.framework in Frameworks */,
			);
			runOnlyForDeploymentPostprocessing = 0;
		};
		208D8C6624081D0B0059AC5E /* Frameworks */ = {
			isa = PBXFrameworksBuildPhase;
			buildActionMask = 2147483647;
			files = (
				FD8B75DD45CFEE956E7B0C0E /* Pods_Parstagram_ParstagramUITests.framework in Frameworks */,
			);
			runOnlyForDeploymentPostprocessing = 0;
		};
/* End PBXFrameworksBuildPhase section */

/* Begin PBXGroup section */
		208D8C3F24081CF40059AC5E = {
			isa = PBXGroup;
			children = (
				208D8C4A24081CF40059AC5E /* Parstagram */,
				208D8C6124081D0B0059AC5E /* ParstagramTests */,
				208D8C6C24081D0B0059AC5E /* ParstagramUITests */,
				208D8C4924081CF40059AC5E /* Products */,
				8BB010192C6B1A82897752ED /* Pods */,
				FA2649DF9EBF4DFACF27ACBB /* Frameworks */,
			);
			sourceTree = "<group>";
		};
		208D8C4924081CF40059AC5E /* Products */ = {
			isa = PBXGroup;
			children = (
				208D8C4824081CF40059AC5E /* Parstagram.app */,
				208D8C5E24081D0B0059AC5E /* ParstagramTests.xctest */,
				208D8C6924081D0B0059AC5E /* ParstagramUITests.xctest */,
			);
			name = Products;
			sourceTree = "<group>";
		};
		208D8C4A24081CF40059AC5E /* Parstagram */ = {
			isa = PBXGroup;
			children = (
				208D8C4B24081CF40059AC5E /* AppDelegate.swift */,
				208D8C4D24081CF40059AC5E /* SceneDelegate.swift */,
				208D8C5124081CF40059AC5E /* Main.storyboard */,
				208D8C5424081D0A0059AC5E /* Assets.xcassets */,
				208D8C5624081D0A0059AC5E /* LaunchScreen.storyboard */,
				208D8C5924081D0A0059AC5E /* Info.plist */,
				208D8C7B24081F270059AC5E /* LoginViewController.swift */,
				208D8C7D24081F430059AC5E /* FeedViewController.swift */,
				208D8C7F24082E100059AC5E /* CameraViewController.swift */,
				A0297376240857AC00B382F6 /* PostCell.swift */,
			);
			path = Parstagram;
			sourceTree = "<group>";
		};
		208D8C6124081D0B0059AC5E /* ParstagramTests */ = {
			isa = PBXGroup;
			children = (
				208D8C6224081D0B0059AC5E /* ParstagramTests.swift */,
				208D8C6424081D0B0059AC5E /* Info.plist */,
			);
			path = ParstagramTests;
			sourceTree = "<group>";
		};
		208D8C6C24081D0B0059AC5E /* ParstagramUITests */ = {
			isa = PBXGroup;
			children = (
				208D8C6D24081D0B0059AC5E /* ParstagramUITests.swift */,
				208D8C6F24081D0B0059AC5E /* Info.plist */,
			);
			path = ParstagramUITests;
			sourceTree = "<group>";
		};
		8BB010192C6B1A82897752ED /* Pods */ = {
			isa = PBXGroup;
			children = (
				C25450E7728498D3515C73A3 /* Pods-Parstagram.debug.xcconfig */,
				DFA0C3E2E63B0F16A16F0833 /* Pods-Parstagram.release.xcconfig */,
				685D055ECCDAF017C5AACE57 /* Pods-Parstagram-ParstagramUITests.debug.xcconfig */,
				5C5966F1F4D3276F656B8BA8 /* Pods-Parstagram-ParstagramUITests.release.xcconfig */,
				C87250192617BABE265584E5 /* Pods-ParstagramTests.debug.xcconfig */,
				3309FD80E26391796A197D56 /* Pods-ParstagramTests.release.xcconfig */,
			);
			path = Pods;
			sourceTree = "<group>";
		};
		FA2649DF9EBF4DFACF27ACBB /* Frameworks */ = {
			isa = PBXGroup;
			children = (
				F5149B7FEE7A7C0DE7C816A3 /* Pods_Parstagram.framework */,
				511271EEF62FD973D16163CD /* Pods_Parstagram_ParstagramUITests.framework */,
				B11240EB4164266CE1B58E45 /* Pods_ParstagramTests.framework */,
			);
			name = Frameworks;
			sourceTree = "<group>";
		};
/* End PBXGroup section */

/* Begin PBXNativeTarget section */
		208D8C4724081CF40059AC5E /* Parstagram */ = {
			isa = PBXNativeTarget;
			buildConfigurationList = 208D8C7224081D0B0059AC5E /* Build configuration list for PBXNativeTarget "Parstagram" */;
			buildPhases = (
				3D7E328D128334A811A5B480 /* [CP] Check Pods Manifest.lock */,
				208D8C4424081CF40059AC5E /* Sources */,
				208D8C4524081CF40059AC5E /* Frameworks */,
				208D8C4624081CF40059AC5E /* Resources */,
				F3DDA0B43E4591185E088F1E /* [CP] Embed Pods Frameworks */,
			);
			buildRules = (
			);
			dependencies = (
			);
			name = Parstagram;
			productName = Parstagram;
			productReference = 208D8C4824081CF40059AC5E /* Parstagram.app */;
			productType = "com.apple.product-type.application";
		};
		208D8C5D24081D0B0059AC5E /* ParstagramTests */ = {
			isa = PBXNativeTarget;
			buildConfigurationList = 208D8C7524081D0B0059AC5E /* Build configuration list for PBXNativeTarget "ParstagramTests" */;
			buildPhases = (
				A50CFA99DC8B40C8BE43D4FA /* [CP] Check Pods Manifest.lock */,
				208D8C5A24081D0B0059AC5E /* Sources */,
				208D8C5B24081D0B0059AC5E /* Frameworks */,
				208D8C5C24081D0B0059AC5E /* Resources */,
			);
			buildRules = (
			);
			dependencies = (
				208D8C6024081D0B0059AC5E /* PBXTargetDependency */,
			);
			name = ParstagramTests;
			productName = ParstagramTests;
			productReference = 208D8C5E24081D0B0059AC5E /* ParstagramTests.xctest */;
			productType = "com.apple.product-type.bundle.unit-test";
		};
		208D8C6824081D0B0059AC5E /* ParstagramUITests */ = {
			isa = PBXNativeTarget;
			buildConfigurationList = 208D8C7824081D0B0059AC5E /* Build configuration list for PBXNativeTarget "ParstagramUITests" */;
			buildPhases = (
				6A9C395C23EA087336B18501 /* [CP] Check Pods Manifest.lock */,
				208D8C6524081D0B0059AC5E /* Sources */,
				208D8C6624081D0B0059AC5E /* Frameworks */,
				208D8C6724081D0B0059AC5E /* Resources */,
				25396B69E7D665871C4CD878 /* [CP] Embed Pods Frameworks */,
			);
			buildRules = (
			);
			dependencies = (
				208D8C6B24081D0B0059AC5E /* PBXTargetDependency */,
			);
			name = ParstagramUITests;
			productName = ParstagramUITests;
			productReference = 208D8C6924081D0B0059AC5E /* ParstagramUITests.xctest */;
			productType = "com.apple.product-type.bundle.ui-testing";
		};
/* End PBXNativeTarget section */

/* Begin PBXProject section */
		208D8C4024081CF40059AC5E /* Project object */ = {
			isa = PBXProject;
			attributes = {
				LastSwiftUpdateCheck = 1130;
				LastUpgradeCheck = 1130;
				ORGANIZATIONNAME = Eduardo;
				TargetAttributes = {
					208D8C4724081CF40059AC5E = {
						CreatedOnToolsVersion = 11.3.1;
					};
					208D8C5D24081D0B0059AC5E = {
						CreatedOnToolsVersion = 11.3.1;
						TestTargetID = 208D8C4724081CF40059AC5E;
					};
					208D8C6824081D0B0059AC5E = {
						CreatedOnToolsVersion = 11.3.1;
						TestTargetID = 208D8C4724081CF40059AC5E;
					};
				};
			};
			buildConfigurationList = 208D8C4324081CF40059AC5E /* Build configuration list for PBXProject "Parstagram" */;
			compatibilityVersion = "Xcode 9.3";
			developmentRegion = en;
			hasScannedForEncodings = 0;
			knownRegions = (
				en,
				Base,
			);
			mainGroup = 208D8C3F24081CF40059AC5E;
			productRefGroup = 208D8C4924081CF40059AC5E /* Products */;
			projectDirPath = "";
			projectRoot = "";
			targets = (
				208D8C4724081CF40059AC5E /* Parstagram */,
				208D8C5D24081D0B0059AC5E /* ParstagramTests */,
				208D8C6824081D0B0059AC5E /* ParstagramUITests */,
			);
		};
/* End PBXProject section */

/* Begin PBXResourcesBuildPhase section */
		208D8C4624081CF40059AC5E /* Resources */ = {
			isa = PBXResourcesBuildPhase;
			buildActionMask = 2147483647;
			files = (
				208D8C5824081D0A0059AC5E /* LaunchScreen.storyboard in Resources */,
				208D8C5524081D0A0059AC5E /* Assets.xcassets in Resources */,
				208D8C5324081CF40059AC5E /* Main.storyboard in Resources */,
			);
			runOnlyForDeploymentPostprocessing = 0;
		};
		208D8C5C24081D0B0059AC5E /* Resources */ = {
			isa = PBXResourcesBuildPhase;
			buildActionMask = 2147483647;
			files = (
			);
			runOnlyForDeploymentPostprocessing = 0;
		};
		208D8C6724081D0B0059AC5E /* Resources */ = {
			isa = PBXResourcesBuildPhase;
			buildActionMask = 2147483647;
			files = (
			);
			runOnlyForDeploymentPostprocessing = 0;
		};
/* End PBXResourcesBuildPhase section */

/* Begin PBXShellScriptBuildPhase section */
		25396B69E7D665871C4CD878 /* [CP] Embed Pods Frameworks */ = {
			isa = PBXShellScriptBuildPhase;
			buildActionMask = 2147483647;
			files = (
			);
			inputFileListPaths = (
				"${PODS_ROOT}/Target Support Files/Pods-Parstagram-ParstagramUITests/Pods-Parstagram-ParstagramUITests-frameworks-${CONFIGURATION}-input-files.xcfilelist",
			);
			name = "[CP] Embed Pods Frameworks";
			outputFileListPaths = (
				"${PODS_ROOT}/Target Support Files/Pods-Parstagram-ParstagramUITests/Pods-Parstagram-ParstagramUITests-frameworks-${CONFIGURATION}-output-files.xcfilelist",
			);
			runOnlyForDeploymentPostprocessing = 0;
			shellPath = /bin/sh;
			shellScript = "\"${PODS_ROOT}/Target Support Files/Pods-Parstagram-ParstagramUITests/Pods-Parstagram-ParstagramUITests-frameworks.sh\"\n";
			showEnvVarsInLog = 0;
		};
		3D7E328D128334A811A5B480 /* [CP] Check Pods Manifest.lock */ = {
			isa = PBXShellScriptBuildPhase;
			buildActionMask = 2147483647;
			files = (
			);
			inputFileListPaths = (
			);
			inputPaths = (
				"${PODS_PODFILE_DIR_PATH}/Podfile.lock",
				"${PODS_ROOT}/Manifest.lock",
			);
			name = "[CP] Check Pods Manifest.lock";
			outputFileListPaths = (
			);
			outputPaths = (
				"$(DERIVED_FILE_DIR)/Pods-Parstagram-checkManifestLockResult.txt",
			);
			runOnlyForDeploymentPostprocessing = 0;
			shellPath = /bin/sh;
			shellScript = "diff \"${PODS_PODFILE_DIR_PATH}/Podfile.lock\" \"${PODS_ROOT}/Manifest.lock\" > /dev/null\nif [ $? != 0 ] ; then\n    # print error to STDERR\n    echo \"error: The sandbox is not in sync with the Podfile.lock. Run 'pod install' or update your CocoaPods installation.\" >&2\n    exit 1\nfi\n# This output is used by Xcode 'outputs' to avoid re-running this script phase.\necho \"SUCCESS\" > \"${SCRIPT_OUTPUT_FILE_0}\"\n";
			showEnvVarsInLog = 0;
		};
		6A9C395C23EA087336B18501 /* [CP] Check Pods Manifest.lock */ = {
			isa = PBXShellScriptBuildPhase;
			buildActionMask = 2147483647;
			files = (
			);
			inputFileListPaths = (
			);
			inputPaths = (
				"${PODS_PODFILE_DIR_PATH}/Podfile.lock",
				"${PODS_ROOT}/Manifest.lock",
			);
			name = "[CP] Check Pods Manifest.lock";
			outputFileListPaths = (
			);
			outputPaths = (
				"$(DERIVED_FILE_DIR)/Pods-Parstagram-ParstagramUITests-checkManifestLockResult.txt",
			);
			runOnlyForDeploymentPostprocessing = 0;
			shellPath = /bin/sh;
			shellScript = "diff \"${PODS_PODFILE_DIR_PATH}/Podfile.lock\" \"${PODS_ROOT}/Manifest.lock\" > /dev/null\nif [ $? != 0 ] ; then\n    # print error to STDERR\n    echo \"error: The sandbox is not in sync with the Podfile.lock. Run 'pod install' or update your CocoaPods installation.\" >&2\n    exit 1\nfi\n# This output is used by Xcode 'outputs' to avoid re-running this script phase.\necho \"SUCCESS\" > \"${SCRIPT_OUTPUT_FILE_0}\"\n";
			showEnvVarsInLog = 0;
		};
		A50CFA99DC8B40C8BE43D4FA /* [CP] Check Pods Manifest.lock */ = {
			isa = PBXShellScriptBuildPhase;
			buildActionMask = 2147483647;
			files = (
			);
			inputFileListPaths = (
			);
			inputPaths = (
				"${PODS_PODFILE_DIR_PATH}/Podfile.lock",
				"${PODS_ROOT}/Manifest.lock",
			);
			name = "[CP] Check Pods Manifest.lock";
			outputFileListPaths = (
			);
			outputPaths = (
				"$(DERIVED_FILE_DIR)/Pods-ParstagramTests-checkManifestLockResult.txt",
			);
			runOnlyForDeploymentPostprocessing = 0;
			shellPath = /bin/sh;
			shellScript = "diff \"${PODS_PODFILE_DIR_PATH}/Podfile.lock\" \"${PODS_ROOT}/Manifest.lock\" > /dev/null\nif [ $? != 0 ] ; then\n    # print error to STDERR\n    echo \"error: The sandbox is not in sync with the Podfile.lock. Run 'pod install' or update your CocoaPods installation.\" >&2\n    exit 1\nfi\n# This output is used by Xcode 'outputs' to avoid re-running this script phase.\necho \"SUCCESS\" > \"${SCRIPT_OUTPUT_FILE_0}\"\n";
			showEnvVarsInLog = 0;
		};
		F3DDA0B43E4591185E088F1E /* [CP] Embed Pods Frameworks */ = {
			isa = PBXShellScriptBuildPhase;
			buildActionMask = 2147483647;
			files = (
			);
			inputFileListPaths = (
				"${PODS_ROOT}/Target Support Files/Pods-Parstagram/Pods-Parstagram-frameworks-${CONFIGURATION}-input-files.xcfilelist",
			);
			name = "[CP] Embed Pods Frameworks";
			outputFileListPaths = (
				"${PODS_ROOT}/Target Support Files/Pods-Parstagram/Pods-Parstagram-frameworks-${CONFIGURATION}-output-files.xcfilelist",
			);
			runOnlyForDeploymentPostprocessing = 0;
			shellPath = /bin/sh;
			shellScript = "\"${PODS_ROOT}/Target Support Files/Pods-Parstagram/Pods-Parstagram-frameworks.sh\"\n";
			showEnvVarsInLog = 0;
		};
/* End PBXShellScriptBuildPhase section */

/* Begin PBXSourcesBuildPhase section */
		208D8C4424081CF40059AC5E /* Sources */ = {
			isa = PBXSourcesBuildPhase;
			buildActionMask = 2147483647;
			files = (
				208D8C7C24081F270059AC5E /* LoginViewController.swift in Sources */,
				208D8C8024082E110059AC5E /* CameraViewController.swift in Sources */,
				208D8C4C24081CF40059AC5E /* AppDelegate.swift in Sources */,
				208D8C7E24081F430059AC5E /* FeedViewController.swift in Sources */,
				208D8C4E24081CF40059AC5E /* SceneDelegate.swift in Sources */,
				A0297377240857AC00B382F6 /* PostCell.swift in Sources */,
			);
			runOnlyForDeploymentPostprocessing = 0;
		};
		208D8C5A24081D0B0059AC5E /* Sources */ = {
			isa = PBXSourcesBuildPhase;
			buildActionMask = 2147483647;
			files = (
				208D8C6324081D0B0059AC5E /* ParstagramTests.swift in Sources */,
			);
			runOnlyForDeploymentPostprocessing = 0;
		};
		208D8C6524081D0B0059AC5E /* Sources */ = {
			isa = PBXSourcesBuildPhase;
			buildActionMask = 2147483647;
			files = (
				208D8C6E24081D0B0059AC5E /* ParstagramUITests.swift in Sources */,
			);
			runOnlyForDeploymentPostprocessing = 0;
		};
/* End PBXSourcesBuildPhase section */

/* Begin PBXTargetDependency section */
		208D8C6024081D0B0059AC5E /* PBXTargetDependency */ = {
			isa = PBXTargetDependency;
			target = 208D8C4724081CF40059AC5E /* Parstagram */;
			targetProxy = 208D8C5F24081D0B0059AC5E /* PBXContainerItemProxy */;
		};
		208D8C6B24081D0B0059AC5E /* PBXTargetDependency */ = {
			isa = PBXTargetDependency;
			target = 208D8C4724081CF40059AC5E /* Parstagram */;
			targetProxy = 208D8C6A24081D0B0059AC5E /* PBXContainerItemProxy */;
		};
/* End PBXTargetDependency section */

/* Begin PBXVariantGroup section */
		208D8C5124081CF40059AC5E /* Main.storyboard */ = {
			isa = PBXVariantGroup;
			children = (
				208D8C5224081CF40059AC5E /* Base */,
			);
			name = Main.storyboard;
			sourceTree = "<group>";
		};
		208D8C5624081D0A0059AC5E /* LaunchScreen.storyboard */ = {
			isa = PBXVariantGroup;
			children = (
				208D8C5724081D0A0059AC5E /* Base */,
			);
			name = LaunchScreen.storyboard;
			sourceTree = "<group>";
		};
/* End PBXVariantGroup section */

/* Begin XCBuildConfiguration section */
		208D8C7024081D0B0059AC5E /* Debug */ = {
			isa = XCBuildConfiguration;
			buildSettings = {
				ALWAYS_SEARCH_USER_PATHS = NO;
				CLANG_ANALYZER_NONNULL = YES;
				CLANG_ANALYZER_NUMBER_OBJECT_CONVERSION = YES_AGGRESSIVE;
				CLANG_CXX_LANGUAGE_STANDARD = "gnu++14";
				CLANG_CXX_LIBRARY = "libc++";
				CLANG_ENABLE_MODULES = YES;
				CLANG_ENABLE_OBJC_ARC = YES;
				CLANG_ENABLE_OBJC_WEAK = YES;
				CLANG_WARN_BLOCK_CAPTURE_AUTORELEASING = YES;
				CLANG_WARN_BOOL_CONVERSION = YES;
				CLANG_WARN_COMMA = YES;
				CLANG_WARN_CONSTANT_CONVERSION = YES;
				CLANG_WARN_DEPRECATED_OBJC_IMPLEMENTATIONS = YES;
				CLANG_WARN_DIRECT_OBJC_ISA_USAGE = YES_ERROR;
				CLANG_WARN_DOCUMENTATION_COMMENTS = YES;
				CLANG_WARN_EMPTY_BODY = YES;
				CLANG_WARN_ENUM_CONVERSION = YES;
				CLANG_WARN_INFINITE_RECURSION = YES;
				CLANG_WARN_INT_CONVERSION = YES;
				CLANG_WARN_NON_LITERAL_NULL_CONVERSION = YES;
				CLANG_WARN_OBJC_IMPLICIT_RETAIN_SELF = YES;
				CLANG_WARN_OBJC_LITERAL_CONVERSION = YES;
				CLANG_WARN_OBJC_ROOT_CLASS = YES_ERROR;
				CLANG_WARN_RANGE_LOOP_ANALYSIS = YES;
				CLANG_WARN_STRICT_PROTOTYPES = YES;
				CLANG_WARN_SUSPICIOUS_MOVE = YES;
				CLANG_WARN_UNGUARDED_AVAILABILITY = YES_AGGRESSIVE;
				CLANG_WARN_UNREACHABLE_CODE = YES;
				CLANG_WARN__DUPLICATE_METHOD_MATCH = YES;
				COPY_PHASE_STRIP = NO;
				DEBUG_INFORMATION_FORMAT = dwarf;
				ENABLE_STRICT_OBJC_MSGSEND = YES;
				ENABLE_TESTABILITY = YES;
				GCC_C_LANGUAGE_STANDARD = gnu11;
				GCC_DYNAMIC_NO_PIC = NO;
				GCC_NO_COMMON_BLOCKS = YES;
				GCC_OPTIMIZATION_LEVEL = 0;
				GCC_PREPROCESSOR_DEFINITIONS = (
					"DEBUG=1",
					"$(inherited)",
				);
				GCC_WARN_64_TO_32_BIT_CONVERSION = YES;
				GCC_WARN_ABOUT_RETURN_TYPE = YES_ERROR;
				GCC_WARN_UNDECLARED_SELECTOR = YES;
				GCC_WARN_UNINITIALIZED_AUTOS = YES_AGGRESSIVE;
				GCC_WARN_UNUSED_FUNCTION = YES;
				GCC_WARN_UNUSED_VARIABLE = YES;
				IPHONEOS_DEPLOYMENT_TARGET = 13.2;
				MTL_ENABLE_DEBUG_INFO = INCLUDE_SOURCE;
				MTL_FAST_MATH = YES;
				ONLY_ACTIVE_ARCH = YES;
				SDKROOT = iphoneos;
				SWIFT_ACTIVE_COMPILATION_CONDITIONS = DEBUG;
				SWIFT_OPTIMIZATION_LEVEL = "-Onone";
			};
			name = Debug;
		};
		208D8C7124081D0B0059AC5E /* Release */ = {
			isa = XCBuildConfiguration;
			buildSettings = {
				ALWAYS_SEARCH_USER_PATHS = NO;
				CLANG_ANALYZER_NONNULL = YES;
				CLANG_ANALYZER_NUMBER_OBJECT_CONVERSION = YES_AGGRESSIVE;
				CLANG_CXX_LANGUAGE_STANDARD = "gnu++14";
				CLANG_CXX_LIBRARY = "libc++";
				CLANG_ENABLE_MODULES = YES;
				CLANG_ENABLE_OBJC_ARC = YES;
				CLANG_ENABLE_OBJC_WEAK = YES;
				CLANG_WARN_BLOCK_CAPTURE_AUTORELEASING = YES;
				CLANG_WARN_BOOL_CONVERSION = YES;
				CLANG_WARN_COMMA = YES;
				CLANG_WARN_CONSTANT_CONVERSION = YES;
				CLANG_WARN_DEPRECATED_OBJC_IMPLEMENTATIONS = YES;
				CLANG_WARN_DIRECT_OBJC_ISA_USAGE = YES_ERROR;
				CLANG_WARN_DOCUMENTATION_COMMENTS = YES;
				CLANG_WARN_EMPTY_BODY = YES;
				CLANG_WARN_ENUM_CONVERSION = YES;
				CLANG_WARN_INFINITE_RECURSION = YES;
				CLANG_WARN_INT_CONVERSION = YES;
				CLANG_WARN_NON_LITERAL_NULL_CONVERSION = YES;
				CLANG_WARN_OBJC_IMPLICIT_RETAIN_SELF = YES;
				CLANG_WARN_OBJC_LITERAL_CONVERSION = YES;
				CLANG_WARN_OBJC_ROOT_CLASS = YES_ERROR;
				CLANG_WARN_RANGE_LOOP_ANALYSIS = YES;
				CLANG_WARN_STRICT_PROTOTYPES = YES;
				CLANG_WARN_SUSPICIOUS_MOVE = YES;
				CLANG_WARN_UNGUARDED_AVAILABILITY = YES_AGGRESSIVE;
				CLANG_WARN_UNREACHABLE_CODE = YES;
				CLANG_WARN__DUPLICATE_METHOD_MATCH = YES;
				COPY_PHASE_STRIP = NO;
				DEBUG_INFORMATION_FORMAT = "dwarf-with-dsym";
				ENABLE_NS_ASSERTIONS = NO;
				ENABLE_STRICT_OBJC_MSGSEND = YES;
				GCC_C_LANGUAGE_STANDARD = gnu11;
				GCC_NO_COMMON_BLOCKS = YES;
				GCC_WARN_64_TO_32_BIT_CONVERSION = YES;
				GCC_WARN_ABOUT_RETURN_TYPE = YES_ERROR;
				GCC_WARN_UNDECLARED_SELECTOR = YES;
				GCC_WARN_UNINITIALIZED_AUTOS = YES_AGGRESSIVE;
				GCC_WARN_UNUSED_FUNCTION = YES;
				GCC_WARN_UNUSED_VARIABLE = YES;
				IPHONEOS_DEPLOYMENT_TARGET = 13.2;
				MTL_ENABLE_DEBUG_INFO = NO;
				MTL_FAST_MATH = YES;
				SDKROOT = iphoneos;
				SWIFT_COMPILATION_MODE = wholemodule;
				SWIFT_OPTIMIZATION_LEVEL = "-O";
				VALIDATE_PRODUCT = YES;
			};
			name = Release;
		};
		208D8C7324081D0B0059AC5E /* Debug */ = {
			isa = XCBuildConfiguration;
			baseConfigurationReference = C25450E7728498D3515C73A3 /* Pods-Parstagram.debug.xcconfig */;
			buildSettings = {
				ASSETCATALOG_COMPILER_APPICON_NAME = AppIcon;
				CODE_SIGN_STYLE = Automatic;
				INFOPLIST_FILE = Parstagram/Info.plist;
				LD_RUNPATH_SEARCH_PATHS = (
					"$(inherited)",
					"@executable_path/Frameworks",
				);
				PRODUCT_BUNDLE_IDENTIFIER = Eduardo.Parstagram;
				PRODUCT_NAME = "$(TARGET_NAME)";
				SWIFT_VERSION = 5.0;
				TARGETED_DEVICE_FAMILY = "1,2";
			};
			name = Debug;
		};
		208D8C7424081D0B0059AC5E /* Release */ = {
			isa = XCBuildConfiguration;
			baseConfigurationReference = DFA0C3E2E63B0F16A16F0833 /* Pods-Parstagram.release.xcconfig */;
			buildSettings = {
				ASSETCATALOG_COMPILER_APPICON_NAME = AppIcon;
				CODE_SIGN_STYLE = Automatic;
				INFOPLIST_FILE = Parstagram/Info.plist;
				LD_RUNPATH_SEARCH_PATHS = (
					"$(inherited)",
					"@executable_path/Frameworks",
				);
				PRODUCT_BUNDLE_IDENTIFIER = Eduardo.Parstagram;
				PRODUCT_NAME = "$(TARGET_NAME)";
				SWIFT_VERSION = 5.0;
				TARGETED_DEVICE_FAMILY = "1,2";
			};
			name = Release;
		};
		208D8C7624081D0B0059AC5E /* Debug */ = {
			isa = XCBuildConfiguration;
			baseConfigurationReference = C87250192617BABE265584E5 /* Pods-ParstagramTests.debug.xcconfig */;
			buildSettings = {
				ALWAYS_EMBED_SWIFT_STANDARD_LIBRARIES = YES;
				BUNDLE_LOADER = "$(TEST_HOST)";
				CODE_SIGN_STYLE = Automatic;
				INFOPLIST_FILE = ParstagramTests/Info.plist;
				IPHONEOS_DEPLOYMENT_TARGET = 13.2;
				LD_RUNPATH_SEARCH_PATHS = (
					"$(inherited)",
					"@executable_path/Frameworks",
					"@loader_path/Frameworks",
				);
				PRODUCT_BUNDLE_IDENTIFIER = Eduardo.ParstagramTests;
				PRODUCT_NAME = "$(TARGET_NAME)";
				SWIFT_VERSION = 5.0;
				TARGETED_DEVICE_FAMILY = "1,2";
				TEST_HOST = "$(BUILT_PRODUCTS_DIR)/Parstagram.app/Parstagram";
			};
			name = Debug;
		};
		208D8C7724081D0B0059AC5E /* Release */ = {
			isa = XCBuildConfiguration;
			baseConfigurationReference = 3309FD80E26391796A197D56 /* Pods-ParstagramTests.release.xcconfig */;
			buildSettings = {
				ALWAYS_EMBED_SWIFT_STANDARD_LIBRARIES = YES;
				BUNDLE_LOADER = "$(TEST_HOST)";
				CODE_SIGN_STYLE = Automatic;
				INFOPLIST_FILE = ParstagramTests/Info.plist;
				IPHONEOS_DEPLOYMENT_TARGET = 13.2;
				LD_RUNPATH_SEARCH_PATHS = (
					"$(inherited)",
					"@executable_path/Frameworks",
					"@loader_path/Frameworks",
				);
				PRODUCT_BUNDLE_IDENTIFIER = Eduardo.ParstagramTests;
				PRODUCT_NAME = "$(TARGET_NAME)";
				SWIFT_VERSION = 5.0;
				TARGETED_DEVICE_FAMILY = "1,2";
				TEST_HOST = "$(BUILT_PRODUCTS_DIR)/Parstagram.app/Parstagram";
			};
			name = Release;
		};
		208D8C7924081D0B0059AC5E /* Debug */ = {
			isa = XCBuildConfiguration;
			baseConfigurationReference = 685D055ECCDAF017C5AACE57 /* Pods-Parstagram-ParstagramUITests.debug.xcconfig */;
			buildSettings = {
				ALWAYS_EMBED_SWIFT_STANDARD_LIBRARIES = YES;
				CODE_SIGN_STYLE = Automatic;
				INFOPLIST_FILE = ParstagramUITests/Info.plist;
				LD_RUNPATH_SEARCH_PATHS = (
					"$(inherited)",
					"@executable_path/Frameworks",
					"@loader_path/Frameworks",
				);
				PRODUCT_BUNDLE_IDENTIFIER = Eduardo.ParstagramUITests;
				PRODUCT_NAME = "$(TARGET_NAME)";
				SWIFT_VERSION = 5.0;
				TARGETED_DEVICE_FAMILY = "1,2";
				TEST_TARGET_NAME = Parstagram;
			};
			name = Debug;
		};
		208D8C7A24081D0B0059AC5E /* Release */ = {
			isa = XCBuildConfiguration;
			baseConfigurationReference = 5C5966F1F4D3276F656B8BA8 /* Pods-Parstagram-ParstagramUITests.release.xcconfig */;
			buildSettings = {
				ALWAYS_EMBED_SWIFT_STANDARD_LIBRARIES = YES;
				CODE_SIGN_STYLE = Automatic;
				INFOPLIST_FILE = ParstagramUITests/Info.plist;
				LD_RUNPATH_SEARCH_PATHS = (
					"$(inherited)",
					"@executable_path/Frameworks",
					"@loader_path/Frameworks",
				);
				PRODUCT_BUNDLE_IDENTIFIER = Eduardo.ParstagramUITests;
				PRODUCT_NAME = "$(TARGET_NAME)";
				SWIFT_VERSION = 5.0;
				TARGETED_DEVICE_FAMILY = "1,2";
				TEST_TARGET_NAME = Parstagram;
			};
			name = Release;
		};
/* End XCBuildConfiguration section */

/* Begin XCConfigurationList section */
		208D8C4324081CF40059AC5E /* Build configuration list for PBXProject "Parstagram" */ = {
			isa = XCConfigurationList;
			buildConfigurations = (
				208D8C7024081D0B0059AC5E /* Debug */,
				208D8C7124081D0B0059AC5E /* Release */,
			);
			defaultConfigurationIsVisible = 0;
			defaultConfigurationName = Release;
		};
		208D8C7224081D0B0059AC5E /* Build configuration list for PBXNativeTarget "Parstagram" */ = {
			isa = XCConfigurationList;
			buildConfigurations = (
				208D8C7324081D0B0059AC5E /* Debug */,
				208D8C7424081D0B0059AC5E /* Release */,
			);
			defaultConfigurationIsVisible = 0;
			defaultConfigurationName = Release;
		};
		208D8C7524081D0B0059AC5E /* Build configuration list for PBXNativeTarget "ParstagramTests" */ = {
			isa = XCConfigurationList;
			buildConfigurations = (
				208D8C7624081D0B0059AC5E /* Debug */,
				208D8C7724081D0B0059AC5E /* Release */,
			);
			defaultConfigurationIsVisible = 0;
			defaultConfigurationName = Release;
		};
		208D8C7824081D0B0059AC5E /* Build configuration list for PBXNativeTarget "ParstagramUITests" */ = {
			isa = XCConfigurationList;
			buildConfigurations = (
				208D8C7924081D0B0059AC5E /* Debug */,
				208D8C7A24081D0B0059AC5E /* Release */,
			);
			defaultConfigurationIsVisible = 0;
			defaultConfigurationName = Release;
		};
/* End XCConfigurationList section */
	};
	rootObject = 208D8C4024081CF40059AC5E /* Project object */;
}
